// !$*UTF8*$!
{
	archiveVersion = 1;
	classes = {
	};
	objectVersion = 50;
	objects = {

/* Begin PBXBuildFile section */
		287B51E82285071B0035C13A /* GoogleService-Info.plist in Resources */ = {isa = PBXBuildFile; fileRef = 287B51E72285071B0035C13A /* GoogleService-Info.plist */; };
		28D2F6F0228397CC0008ECC0 /* AppDelegate.swift in Sources */ = {isa = PBXBuildFile; fileRef = 28D2F6EF228397CC0008ECC0 /* AppDelegate.swift */; };
		28D2F6F5228397CC0008ECC0 /* Main.storyboard in Resources */ = {isa = PBXBuildFile; fileRef = 28D2F6F3228397CC0008ECC0 /* Main.storyboard */; };
		28D2F6F7228397CD0008ECC0 /* Assets.xcassets in Resources */ = {isa = PBXBuildFile; fileRef = 28D2F6F6228397CD0008ECC0 /* Assets.xcassets */; };
		28D2F6FA228397CD0008ECC0 /* LaunchScreen.storyboard in Resources */ = {isa = PBXBuildFile; fileRef = 28D2F6F8228397CD0008ECC0 /* LaunchScreen.storyboard */; };
		28E79EA322850B1F00987D8E /* LoginViewController.swift in Sources */ = {isa = PBXBuildFile; fileRef = 28E79EA222850B1F00987D8E /* LoginViewController.swift */; };
		F4B75B60C8949EF83F0A15A9 /* Pods_happybets.framework in Frameworks */ = {isa = PBXBuildFile; fileRef = 4B4BB2E9B5E8E03230B65E9E /* Pods_happybets.framework */; };
/* End PBXBuildFile section */

/* Begin PBXFileReference section */
		287B51E72285071B0035C13A /* GoogleService-Info.plist */ = {isa = PBXFileReference; fileEncoding = 4; lastKnownFileType = text.plist.xml; path = "GoogleService-Info.plist"; sourceTree = "<group>"; };
		28D2F6EC228397CC0008ECC0 /* happybets.app */ = {isa = PBXFileReference; explicitFileType = wrapper.application; includeInIndex = 0; path = happybets.app; sourceTree = BUILT_PRODUCTS_DIR; };
		28D2F6EF228397CC0008ECC0 /* AppDelegate.swift */ = {isa = PBXFileReference; lastKnownFileType = sourcecode.swift; path = AppDelegate.swift; sourceTree = "<group>"; };
		28D2F6F4228397CC0008ECC0 /* Base */ = {isa = PBXFileReference; lastKnownFileType = file.storyboard; name = Base; path = Base.lproj/Main.storyboard; sourceTree = "<group>"; };
		28D2F6F6228397CD0008ECC0 /* Assets.xcassets */ = {isa = PBXFileReference; lastKnownFileType = folder.assetcatalog; path = Assets.xcassets; sourceTree = "<group>"; };
		28D2F6F9228397CD0008ECC0 /* Base */ = {isa = PBXFileReference; lastKnownFileType = file.storyboard; name = Base; path = Base.lproj/LaunchScreen.storyboard; sourceTree = "<group>"; };
		28D2F6FB228397CD0008ECC0 /* Info.plist */ = {isa = PBXFileReference; lastKnownFileType = text.plist.xml; path = Info.plist; sourceTree = "<group>"; };
		28E79EA222850B1F00987D8E /* LoginViewController.swift */ = {isa = PBXFileReference; lastKnownFileType = sourcecode.swift; path = LoginViewController.swift; sourceTree = "<group>"; };
		2A7A1093DD6BB390BCDA0317 /* Pods-happybets.debug.xcconfig */ = {isa = PBXFileReference; includeInIndex = 1; lastKnownFileType = text.xcconfig; name = "Pods-happybets.debug.xcconfig"; path = "Pods/Target Support Files/Pods-happybets/Pods-happybets.debug.xcconfig"; sourceTree = "<group>"; };
		349937145978D534745BAE0E /* Pods-happybets.release.xcconfig */ = {isa = PBXFileReference; includeInIndex = 1; lastKnownFileType = text.xcconfig; name = "Pods-happybets.release.xcconfig"; path = "Pods/Target Support Files/Pods-happybets/Pods-happybets.release.xcconfig"; sourceTree = "<group>"; };
		4B4BB2E9B5E8E03230B65E9E /* Pods_happybets.framework */ = {isa = PBXFileReference; explicitFileType = wrapper.framework; includeInIndex = 0; path = Pods_happybets.framework; sourceTree = BUILT_PRODUCTS_DIR; };
/* End PBXFileReference section */

/* Begin PBXFrameworksBuildPhase section */
		28D2F6E9228397CC0008ECC0 /* Frameworks */ = {
			isa = PBXFrameworksBuildPhase;
			buildActionMask = 2147483647;
			files = (
				F4B75B60C8949EF83F0A15A9 /* Pods_happybets.framework in Frameworks */,
			);
			runOnlyForDeploymentPostprocessing = 0;
		};
/* End PBXFrameworksBuildPhase section */

/* Begin PBXGroup section */
		28D2F6E3228397CC0008ECC0 = {
			isa = PBXGroup;
			children = (
				28D2F6EE228397CC0008ECC0 /* happybets */,
				28D2F6ED228397CC0008ECC0 /* Products */,
				E2B2B9593E5AAE6B621E14CB /* Pods */,
				D5891420EC3D890D17AE9C91 /* Frameworks */,
			);
			sourceTree = "<group>";
		};
		28D2F6ED228397CC0008ECC0 /* Products */ = {
			isa = PBXGroup;
			children = (
				28D2F6EC228397CC0008ECC0 /* happybets.app */,
			);
			name = Products;
			sourceTree = "<group>";
		};
		28D2F6EE228397CC0008ECC0 /* happybets */ = {
			isa = PBXGroup;
			children = (
				28D2F6EF228397CC0008ECC0 /* AppDelegate.swift */,
				28D2F6F3228397CC0008ECC0 /* Main.storyboard */,
				28E79EA222850B1F00987D8E /* LoginViewController.swift */,
				28D2F6F6228397CD0008ECC0 /* Assets.xcassets */,
				28D2F6F8228397CD0008ECC0 /* LaunchScreen.storyboard */,
				28D2F6FB228397CD0008ECC0 /* Info.plist */,
				287B51E72285071B0035C13A /* GoogleService-Info.plist */,
			);
			path = happybets;
			sourceTree = "<group>";
		};
		D5891420EC3D890D17AE9C91 /* Frameworks */ = {
			isa = PBXGroup;
			children = (
				4B4BB2E9B5E8E03230B65E9E /* Pods_happybets.framework */,
			);
			name = Frameworks;
			sourceTree = "<group>";
		};
		E2B2B9593E5AAE6B621E14CB /* Pods */ = {
			isa = PBXGroup;
			children = (
				2A7A1093DD6BB390BCDA0317 /* Pods-happybets.debug.xcconfig */,
				349937145978D534745BAE0E /* Pods-happybets.release.xcconfig */,
			);
			name = Pods;
			sourceTree = "<group>";
		};
/* End PBXGroup section */

/* Begin PBXNativeTarget section */
		28D2F6EB228397CC0008ECC0 /* happybets */ = {
			isa = PBXNativeTarget;
			buildConfigurationList = 28D2F6FE228397CD0008ECC0 /* Build configuration list for PBXNativeTarget "happybets" */;
			buildPhases = (
				237AA2358B13B2B03892214A /* [CP] Check Pods Manifest.lock */,
				28D2F6E8228397CC0008ECC0 /* Sources */,
				28D2F6E9228397CC0008ECC0 /* Frameworks */,
				28D2F6EA228397CC0008ECC0 /* Resources */,
				CE579358530C71A9324A2FBF /* [CP] Embed Pods Frameworks */,
			);
			buildRules = (
			);
			dependencies = (
			);
			name = happybets;
			productName = happybets;
			productReference = 28D2F6EC228397CC0008ECC0 /* happybets.app */;
			productType = "com.apple.product-type.application";
		};
/* End PBXNativeTarget section */

/* Begin PBXProject section */
		28D2F6E4228397CC0008ECC0 /* Project object */ = {
			isa = PBXProject;
			attributes = {
				LastSwiftUpdateCheck = 1020;
				LastUpgradeCheck = 1020;
				ORGANIZATIONNAME = "Happy Bets LLC";
				TargetAttributes = {
					28D2F6EB228397CC0008ECC0 = {
						CreatedOnToolsVersion = 10.2.1;
					};
				};
			};
			buildConfigurationList = 28D2F6E7228397CC0008ECC0 /* Build configuration list for PBXProject "happybets" */;
			compatibilityVersion = "Xcode 9.3";
			developmentRegion = en;
			hasScannedForEncodings = 0;
			knownRegions = (
				en,
				Base,
			);
			mainGroup = 28D2F6E3228397CC0008ECC0;
			productRefGroup = 28D2F6ED228397CC0008ECC0 /* Products */;
			projectDirPath = "";
			projectRoot = "";
			targets = (
				28D2F6EB228397CC0008ECC0 /* happybets */,
			);
		};
/* End PBXProject section */

/* Begin PBXResourcesBuildPhase section */
		28D2F6EA228397CC0008ECC0 /* Resources */ = {
			isa = PBXResourcesBuildPhase;
			buildActionMask = 2147483647;
			files = (
				28D2F6FA228397CD0008ECC0 /* LaunchScreen.storyboard in Resources */,
				287B51E82285071B0035C13A /* GoogleService-Info.plist in Resources */,
				28D2F6F7228397CD0008ECC0 /* Assets.xcassets in Resources */,
				28D2F6F5228397CC0008ECC0 /* Main.storyboard in Resources */,
			);
			runOnlyForDeploymentPostprocessing = 0;
		};
/* End PBXResourcesBuildPhase section */

/* Begin PBXShellScriptBuildPhase section */
		237AA2358B13B2B03892214A /* [CP] Check Pods Manifest.lock */ = {
			isa = PBXShellScriptBuildPhase;
			buildActionMask = 2147483647;
			files = (
			);
			inputPaths = (
				"${PODS_PODFILE_DIR_PATH}/Podfile.lock",
				"${PODS_ROOT}/Manifest.lock",
			);
			name = "[CP] Check Pods Manifest.lock";
			outputPaths = (
				"$(DERIVED_FILE_DIR)/Pods-happybets-checkManifestLockResult.txt",
			);
			runOnlyForDeploymentPostprocessing = 0;
			shellPath = /bin/sh;
			shellScript = "diff \"${PODS_PODFILE_DIR_PATH}/Podfile.lock\" \"${PODS_ROOT}/Manifest.lock\" > /dev/null\nif [ $? != 0 ] ; then\n    # print error to STDERR\n    echo \"error: The sandbox is not in sync with the Podfile.lock. Run 'pod install' or update your CocoaPods installation.\" >&2\n    exit 1\nfi\n# This output is used by Xcode 'outputs' to avoid re-running this script phase.\necho \"SUCCESS\" > \"${SCRIPT_OUTPUT_FILE_0}\"\n";
			showEnvVarsInLog = 0;
		};
		CE579358530C71A9324A2FBF /* [CP] Embed Pods Frameworks */ = {
			isa = PBXShellScriptBuildPhase;
			buildActionMask = 2147483647;
			files = (
			);
			inputPaths = (
				"${SRCROOT}/Pods/Target Support Files/Pods-happybets/Pods-happybets-frameworks.sh",
				"${BUILT_PRODUCTS_DIR}/GoogleToolboxForMac/GoogleToolboxForMac.framework",
				"${BUILT_PRODUCTS_DIR}/nanopb/nanopb.framework",
			);
			name = "[CP] Embed Pods Frameworks";
			outputPaths = (
				"${TARGET_BUILD_DIR}/${FRAMEWORKS_FOLDER_PATH}/GoogleToolboxForMac.framework",
				"${TARGET_BUILD_DIR}/${FRAMEWORKS_FOLDER_PATH}/nanopb.framework",
			);
			runOnlyForDeploymentPostprocessing = 0;
			shellPath = /bin/sh;
			shellScript = "\"${SRCROOT}/Pods/Target Support Files/Pods-happybets/Pods-happybets-frameworks.sh\"\n";
			showEnvVarsInLog = 0;
		};
/* End PBXShellScriptBuildPhase section */

/* Begin PBXSourcesBuildPhase section */
		28D2F6E8228397CC0008ECC0 /* Sources */ = {
			isa = PBXSourcesBuildPhase;
			buildActionMask = 2147483647;
			files = (
				28E79EA322850B1F00987D8E /* LoginViewController.swift in Sources */,
				28D2F6F0228397CC0008ECC0 /* AppDelegate.swift in Sources */,
			);
			runOnlyForDeploymentPostprocessing = 0;
		};
/* End PBXSourcesBuildPhase section */

/* Begin PBXVariantGroup section */
		28D2F6F3228397CC0008ECC0 /* Main.storyboard */ = {
			isa = PBXVariantGroup;
			children = (
				28D2F6F4228397CC0008ECC0 /* Base */,
			);
			name = Main.storyboard;
			sourceTree = "<group>";
		};
		28D2F6F8228397CD0008ECC0 /* LaunchScreen.storyboard */ = {
			isa = PBXVariantGroup;
			children = (
				28D2F6F9228397CD0008ECC0 /* Base */,
			);
			name = LaunchScreen.storyboard;
			sourceTree = "<group>";
		};
/* End PBXVariantGroup section */

/* Begin XCBuildConfiguration section */
		28D2F6FC228397CD0008ECC0 /* Debug */ = {
			isa = XCBuildConfiguration;
			buildSettings = {
				ALWAYS_SEARCH_USER_PATHS = NO;
				CLANG_ANALYZER_NONNULL = YES;
				CLANG_ANALYZER_NUMBER_OBJECT_CONVERSION = YES_AGGRESSIVE;
				CLANG_CXX_LANGUAGE_STANDARD = "gnu++14";
				CLANG_CXX_LIBRARY = "libc++";
				CLANG_ENABLE_MODULES = YES;
				CLANG_ENABLE_OBJC_ARC = YES;
				CLANG_ENABLE_OBJC_WEAK = YES;
				CLANG_WARN_BLOCK_CAPTURE_AUTORELEASING = YES;
				CLANG_WARN_BOOL_CONVERSION = YES;
				CLANG_WARN_COMMA = YES;
				CLANG_WARN_CONSTANT_CONVERSION = YES;
				CLANG_WARN_DEPRECATED_OBJC_IMPLEMENTATIONS = YES;
				CLANG_WARN_DIRECT_OBJC_ISA_USAGE = YES_ERROR;
				CLANG_WARN_DOCUMENTATION_COMMENTS = YES;
				CLANG_WARN_EMPTY_BODY = YES;
				CLANG_WARN_ENUM_CONVERSION = YES;
				CLANG_WARN_INFINITE_RECURSION = YES;
				CLANG_WARN_INT_CONVERSION = YES;
				CLANG_WARN_NON_LITERAL_NULL_CONVERSION = YES;
				CLANG_WARN_OBJC_IMPLICIT_RETAIN_SELF = YES;
				CLANG_WARN_OBJC_LITERAL_CONVERSION = YES;
				CLANG_WARN_OBJC_ROOT_CLASS = YES_ERROR;
				CLANG_WARN_RANGE_LOOP_ANALYSIS = YES;
				CLANG_WARN_STRICT_PROTOTYPES = YES;
				CLANG_WARN_SUSPICIOUS_MOVE = YES;
				CLANG_WARN_UNGUARDED_AVAILABILITY = YES_AGGRESSIVE;
				CLANG_WARN_UNREACHABLE_CODE = YES;
				CLANG_WARN__DUPLICATE_METHOD_MATCH = YES;
				CODE_SIGN_IDENTITY = "iPhone Developer";
				COPY_PHASE_STRIP = NO;
				DEBUG_INFORMATION_FORMAT = dwarf;
				ENABLE_STRICT_OBJC_MSGSEND = YES;
				ENABLE_TESTABILITY = YES;
				GCC_C_LANGUAGE_STANDARD = gnu11;
				GCC_DYNAMIC_NO_PIC = NO;
				GCC_NO_COMMON_BLOCKS = YES;
				GCC_OPTIMIZATION_LEVEL = 0;
				GCC_PREPROCESSOR_DEFINITIONS = (
					"DEBUG=1",
					"$(inherited)",
				);
				GCC_WARN_64_TO_32_BIT_CONVERSION = YES;
				GCC_WARN_ABOUT_RETURN_TYPE = YES_ERROR;
				GCC_WARN_UNDECLARED_SELECTOR = YES;
				GCC_WARN_UNINITIALIZED_AUTOS = YES_AGGRESSIVE;
				GCC_WARN_UNUSED_FUNCTION = YES;
				GCC_WARN_UNUSED_VARIABLE = YES;
				IPHONEOS_DEPLOYMENT_TARGET = 12.2;
				MTL_ENABLE_DEBUG_INFO = INCLUDE_SOURCE;
				MTL_FAST_MATH = YES;
				ONLY_ACTIVE_ARCH = YES;
				SDKROOT = iphoneos;
				SWIFT_ACTIVE_COMPILATION_CONDITIONS = DEBUG;
				SWIFT_OPTIMIZATION_LEVEL = "-Onone";
			};
			name = Debug;
		};
		28D2F6FD228397CD0008ECC0 /* Release */ = {
			isa = XCBuildConfiguration;
			buildSettings = {
				ALWAYS_SEARCH_USER_PATHS = NO;
				CLANG_ANALYZER_NONNULL = YES;
				CLANG_ANALYZER_NUMBER_OBJECT_CONVERSION = YES_AGGRESSIVE;
				CLANG_CXX_LANGUAGE_STANDARD = "gnu++14";
				CLANG_CXX_LIBRARY = "libc++";
				CLANG_ENABLE_MODULES = YES;
				CLANG_ENABLE_OBJC_ARC = YES;
				CLANG_ENABLE_OBJC_WEAK = YES;
				CLANG_WARN_BLOCK_CAPTURE_AUTORELEASING = YES;
				CLANG_WARN_BOOL_CONVERSION = YES;
				CLANG_WARN_COMMA = YES;
				CLANG_WARN_CONSTANT_CONVERSION = YES;
				CLANG_WARN_DEPRECATED_OBJC_IMPLEMENTATIONS = YES;
				CLANG_WARN_DIRECT_OBJC_ISA_USAGE = YES_ERROR;
				CLANG_WARN_DOCUMENTATION_COMMENTS = YES;
				CLANG_WARN_EMPTY_BODY = YES;
				CLANG_WARN_ENUM_CONVERSION = YES;
				CLANG_WARN_INFINITE_RECURSION = YES;
				CLANG_WARN_INT_CONVERSION = YES;
				CLANG_WARN_NON_LITERAL_NULL_CONVERSION = YES;
				CLANG_WARN_OBJC_IMPLICIT_RETAIN_SELF = YES;
				CLANG_WARN_OBJC_LITERAL_CONVERSION = YES;
				CLANG_WARN_OBJC_ROOT_CLASS = YES_ERROR;
				CLANG_WARN_RANGE_LOOP_ANALYSIS = YES;
				CLANG_WARN_STRICT_PROTOTYPES = YES;
				CLANG_WARN_SUSPICIOUS_MOVE = YES;
				CLANG_WARN_UNGUARDED_AVAILABILITY = YES_AGGRESSIVE;
				CLANG_WARN_UNREACHABLE_CODE = YES;
				CLANG_WARN__DUPLICATE_METHOD_MATCH = YES;
				CODE_SIGN_IDENTITY = "iPhone Developer";
				COPY_PHASE_STRIP = NO;
				DEBUG_INFORMATION_FORMAT = "dwarf-with-dsym";
				ENABLE_NS_ASSERTIONS = NO;
				ENABLE_STRICT_OBJC_MSGSEND = YES;
				GCC_C_LANGUAGE_STANDARD = gnu11;
				GCC_NO_COMMON_BLOCKS = YES;
				GCC_WARN_64_TO_32_BIT_CONVERSION = YES;
				GCC_WARN_ABOUT_RETURN_TYPE = YES_ERROR;
				GCC_WARN_UNDECLARED_SELECTOR = YES;
				GCC_WARN_UNINITIALIZED_AUTOS = YES_AGGRESSIVE;
				GCC_WARN_UNUSED_FUNCTION = YES;
				GCC_WARN_UNUSED_VARIABLE = YES;
				IPHONEOS_DEPLOYMENT_TARGET = 12.2;
				MTL_ENABLE_DEBUG_INFO = NO;
				MTL_FAST_MATH = YES;
				SDKROOT = iphoneos;
				SWIFT_COMPILATION_MODE = wholemodule;
				SWIFT_OPTIMIZATION_LEVEL = "-O";
				VALIDATE_PRODUCT = YES;
			};
			name = Release;
		};
		28D2F6FF228397CD0008ECC0 /* Debug */ = {
			isa = XCBuildConfiguration;
			baseConfigurationReference = 2A7A1093DD6BB390BCDA0317 /* Pods-happybets.debug.xcconfig */;
			buildSettings = {
				ASSETCATALOG_COMPILER_APPICON_NAME = AppIcon;
				CODE_SIGN_STYLE = Automatic;
				DEVELOPMENT_TEAM = Z3HTCQ9PJM;
				INFOPLIST_FILE = happybets/Info.plist;
				IPHONEOS_DEPLOYMENT_TARGET = 12.2;
				LD_RUNPATH_SEARCH_PATHS = (
					"$(inherited)",
					"@executable_path/Frameworks",
				);
				PRODUCT_BUNDLE_IDENTIFIER = cs.projects.happybets;
				PRODUCT_NAME = "$(TARGET_NAME)";
				SWIFT_VERSION = 5.0;
				TARGETED_DEVICE_FAMILY = "1,2";
			};
			name = Debug;
		};
		28D2F700228397CD0008ECC0 /* Release */ = {
			isa = XCBuildConfiguration;
			baseConfigurationReference = 349937145978D534745BAE0E /* Pods-happybets.release.xcconfig */;
			buildSettings = {
				ASSETCATALOG_COMPILER_APPICON_NAME = AppIcon;
				CODE_SIGN_STYLE = Automatic;
				DEVELOPMENT_TEAM = Z3HTCQ9PJM;
				INFOPLIST_FILE = happybets/Info.plist;
				IPHONEOS_DEPLOYMENT_TARGET = 12.2;
				LD_RUNPATH_SEARCH_PATHS = (
					"$(inherited)",
					"@executable_path/Frameworks",
				);
				PRODUCT_BUNDLE_IDENTIFIER = cs.projects.happybets;
				PRODUCT_NAME = "$(TARGET_NAME)";
				SWIFT_VERSION = 5.0;
				TARGETED_DEVICE_FAMILY = "1,2";
			};
			name = Release;
		};
/* End XCBuildConfiguration section */

/* Begin XCConfigurationList section */
		28D2F6E7228397CC0008ECC0 /* Build configuration list for PBXProject "happybets" */ = {
			isa = XCConfigurationList;
			buildConfigurations = (
				28D2F6FC228397CD0008ECC0 /* Debug */,
				28D2F6FD228397CD0008ECC0 /* Release */,
			);
			defaultConfigurationIsVisible = 0;
			defaultConfigurationName = Release;
		};
		28D2F6FE228397CD0008ECC0 /* Build configuration list for PBXNativeTarget "happybets" */ = {
			isa = XCConfigurationList;
			buildConfigurations = (
				28D2F6FF228397CD0008ECC0 /* Debug */,
				28D2F700228397CD0008ECC0 /* Release */,
			);
			defaultConfigurationIsVisible = 0;
			defaultConfigurationName = Release;
		};
/* End XCConfigurationList section */
	};
	rootObject = 28D2F6E4228397CC0008ECC0 /* Project object */;
}
