// !$*UTF8*$!
{
	archiveVersion = 1;
	classes = {
	};
	objectVersion = 50;
	objects = {

/* Begin PBXBuildFile section */
		28014A88229A747400AED085 /* LeagueViewController.swift in Sources */ = {isa = PBXBuildFile; fileRef = 28014A87229A747400AED085 /* LeagueViewController.swift */; };
		28014A8A229A752F00AED085 /* ProfileViewController.swift in Sources */ = {isa = PBXBuildFile; fileRef = 28014A89229A752F00AED085 /* ProfileViewController.swift */; };
		28014A8E229A762A00AED085 /* SuperTabViewController.swift in Sources */ = {isa = PBXBuildFile; fileRef = 28014A8D229A762A00AED085 /* SuperTabViewController.swift */; };
		28014A93229A86F600AED085 /* GoogleService-Info.plist in Resources */ = {isa = PBXBuildFile; fileRef = 28014A92229A86F600AED085 /* GoogleService-Info.plist */; };
		28081C3B228E9B0600F4F22A /* happytests.swift in Sources */ = {isa = PBXBuildFile; fileRef = 28081C3A228E9B0600F4F22A /* happytests.swift */; };
		28481EF32297397300C88B44 /* SignUpViewController.swift in Sources */ = {isa = PBXBuildFile; fileRef = 28481EF22297397300C88B44 /* SignUpViewController.swift */; };
		288C70E822ADD46500D0F390 /* ChooseGameTableViewController.swift in Sources */ = {isa = PBXBuildFile; fileRef = 288C70E722ADD46500D0F390 /* ChooseGameTableViewController.swift */; };
		288C70EA22ADD4D500D0F390 /* PlaceBetViewController.swift in Sources */ = {isa = PBXBuildFile; fileRef = 288C70E922ADD4D500D0F390 /* PlaceBetViewController.swift */; };
		288C70EC22ADD50700D0F390 /* GameModel.swift in Sources */ = {isa = PBXBuildFile; fileRef = 288C70EB22ADD50700D0F390 /* GameModel.swift */; };
		288C70EE22ADD7A600D0F390 /* GameTableViewCell.swift in Sources */ = {isa = PBXBuildFile; fileRef = 288C70ED22ADD7A600D0F390 /* GameTableViewCell.swift */; };
		2893144A2297529800F38A0A /* UserModel.swift in Sources */ = {isa = PBXBuildFile; fileRef = 289314492297529800F38A0A /* UserModel.swift */; };
		2893144C229752A600F38A0A /* LeagueModel.swift in Sources */ = {isa = PBXBuildFile; fileRef = 2893144B229752A600F38A0A /* LeagueModel.swift */; };
		2893144E229752AD00F38A0A /* BetModel.swift in Sources */ = {isa = PBXBuildFile; fileRef = 2893144D229752AD00F38A0A /* BetModel.swift */; };
		28931450229752BC00F38A0A /* NewsModel.swift in Sources */ = {isa = PBXBuildFile; fileRef = 2893144F229752BC00F38A0A /* NewsModel.swift */; };
		28D2F6F0228397CC0008ECC0 /* AppDelegate.swift in Sources */ = {isa = PBXBuildFile; fileRef = 28D2F6EF228397CC0008ECC0 /* AppDelegate.swift */; };
		28D2F6F5228397CC0008ECC0 /* Main.storyboard in Resources */ = {isa = PBXBuildFile; fileRef = 28D2F6F3228397CC0008ECC0 /* Main.storyboard */; };
		28D2F6F7228397CD0008ECC0 /* Assets.xcassets in Resources */ = {isa = PBXBuildFile; fileRef = 28D2F6F6228397CD0008ECC0 /* Assets.xcassets */; };
		28D2F6FA228397CD0008ECC0 /* LaunchScreen.storyboard in Resources */ = {isa = PBXBuildFile; fileRef = 28D2F6F8228397CD0008ECC0 /* LaunchScreen.storyboard */; };
		28E79EA322850B1F00987D8E /* LoginViewController.swift in Sources */ = {isa = PBXBuildFile; fileRef = 28E79EA222850B1F00987D8E /* LoginViewController.swift */; };
		477FF96622A756610014D542 /* LeagueDetailViewController.swift in Sources */ = {isa = PBXBuildFile; fileRef = 477FF96522A756610014D542 /* LeagueDetailViewController.swift */; };
		47944FF0228E4C79004BD0DE /* AuthenticatorModel.swift in Sources */ = {isa = PBXBuildFile; fileRef = 47944FEF228E4C79004BD0DE /* AuthenticatorModel.swift */; };
		47D328FA22AC4B7B00D20335 /* PlayerCell.swift in Sources */ = {isa = PBXBuildFile; fileRef = 47D328F922AC4B7B00D20335 /* PlayerCell.swift */; };
		47D328FE22ADABAF00D20335 /* BetCell.swift in Sources */ = {isa = PBXBuildFile; fileRef = 47D328FD22ADABAF00D20335 /* BetCell.swift */; };
		6158A94A9104761A1F7598D7 /* Pods_happytests.framework in Frameworks */ = {isa = PBXBuildFile; fileRef = 6F0E58CB884C003CDDF5BEDD /* Pods_happytests.framework */; };
		7080B5AF22ACE0C800F61B21 /* ArticleList.swift in Sources */ = {isa = PBXBuildFile; fileRef = 7080B5AE22ACE0C800F61B21 /* ArticleList.swift */; };
		7080B5B122ACE17700F61B21 /* Article.swift in Sources */ = {isa = PBXBuildFile; fileRef = 7080B5B022ACE17700F61B21 /* Article.swift */; };
		708F449F22ADE3A900654128 /* articleViewCell.swift in Sources */ = {isa = PBXBuildFile; fileRef = 708F449E22ADE3A900654128 /* articleViewCell.swift */; };
		70A41F1222ACA60B00B5775F /* NewsViewController.swift in Sources */ = {isa = PBXBuildFile; fileRef = 70A41F1122ACA60B00B5775F /* NewsViewController.swift */; };
		793A7D8022A64343000EF12D /* LeagueCell.swift in Sources */ = {isa = PBXBuildFile; fileRef = 793A7D7F22A64343000EF12D /* LeagueCell.swift */; };
		793A7D8222A64545000EF12D /* CreateLeagueViewController.swift in Sources */ = {isa = PBXBuildFile; fileRef = 793A7D8122A64545000EF12D /* CreateLeagueViewController.swift */; };
		79C36B1522ADEA2D00544390 /* LeagueJoinViewController.swift in Sources */ = {isa = PBXBuildFile; fileRef = 79C36B1422ADEA2D00544390 /* LeagueJoinViewController.swift */; };
		79DA978022AC8485005164AB /* IconCollectionViewCell.swift in Sources */ = {isa = PBXBuildFile; fileRef = 79DA977F22AC8485005164AB /* IconCollectionViewCell.swift */; };
		E70E82A722AAE4A10013C28D /* UserModel.swift in Sources */ = {isa = PBXBuildFile; fileRef = 289314492297529800F38A0A /* UserModel.swift */; };
		E70E82A822AAE8F80013C28D /* LeagueModel.swift in Sources */ = {isa = PBXBuildFile; fileRef = 2893144B229752A600F38A0A /* LeagueModel.swift */; };
		EFAED7F24A0C5107D8D378E9 /* Pods_happybets.framework in Frameworks */ = {isa = PBXBuildFile; fileRef = 8988F4F32B5045740538CE39 /* Pods_happybets.framework */; };
/* End PBXBuildFile section */

/* Begin PBXContainerItemProxy section */
		28081C3D228E9B0600F4F22A /* PBXContainerItemProxy */ = {
			isa = PBXContainerItemProxy;
			containerPortal = 28D2F6E4228397CC0008ECC0 /* Project object */;
			proxyType = 1;
			remoteGlobalIDString = 28D2F6EB228397CC0008ECC0;
			remoteInfo = happybets;
		};
/* End PBXContainerItemProxy section */

/* Begin PBXFileReference section */
		22B93BB7FBC59BB24116D67B /* Pods-happybets.release.xcconfig */ = {isa = PBXFileReference; includeInIndex = 1; lastKnownFileType = text.xcconfig; name = "Pods-happybets.release.xcconfig"; path = "Pods/Target Support Files/Pods-happybets/Pods-happybets.release.xcconfig"; sourceTree = "<group>"; };
		28014A87229A747400AED085 /* LeagueViewController.swift */ = {isa = PBXFileReference; lastKnownFileType = sourcecode.swift; path = LeagueViewController.swift; sourceTree = "<group>"; };
		28014A89229A752F00AED085 /* ProfileViewController.swift */ = {isa = PBXFileReference; lastKnownFileType = sourcecode.swift; path = ProfileViewController.swift; sourceTree = "<group>"; };
		28014A8D229A762A00AED085 /* SuperTabViewController.swift */ = {isa = PBXFileReference; lastKnownFileType = sourcecode.swift; path = SuperTabViewController.swift; sourceTree = "<group>"; };
		28014A92229A86F600AED085 /* GoogleService-Info.plist */ = {isa = PBXFileReference; fileEncoding = 4; lastKnownFileType = text.plist.xml; path = "GoogleService-Info.plist"; sourceTree = "<group>"; };
		28081C38228E9B0500F4F22A /* happytests.xctest */ = {isa = PBXFileReference; explicitFileType = wrapper.cfbundle; includeInIndex = 0; path = happytests.xctest; sourceTree = BUILT_PRODUCTS_DIR; };
		28081C3A228E9B0600F4F22A /* happytests.swift */ = {isa = PBXFileReference; lastKnownFileType = sourcecode.swift; path = happytests.swift; sourceTree = "<group>"; };
		28481EF22297397300C88B44 /* SignUpViewController.swift */ = {isa = PBXFileReference; lastKnownFileType = sourcecode.swift; path = SignUpViewController.swift; sourceTree = "<group>"; };
		288C70E722ADD46500D0F390 /* ChooseGameTableViewController.swift */ = {isa = PBXFileReference; lastKnownFileType = sourcecode.swift; path = ChooseGameTableViewController.swift; sourceTree = "<group>"; };
		288C70E922ADD4D500D0F390 /* PlaceBetViewController.swift */ = {isa = PBXFileReference; lastKnownFileType = sourcecode.swift; path = PlaceBetViewController.swift; sourceTree = "<group>"; };
		288C70EB22ADD50700D0F390 /* GameModel.swift */ = {isa = PBXFileReference; lastKnownFileType = sourcecode.swift; path = GameModel.swift; sourceTree = "<group>"; };
		288C70ED22ADD7A600D0F390 /* GameTableViewCell.swift */ = {isa = PBXFileReference; lastKnownFileType = sourcecode.swift; path = GameTableViewCell.swift; sourceTree = "<group>"; };
		289314492297529800F38A0A /* UserModel.swift */ = {isa = PBXFileReference; lastKnownFileType = sourcecode.swift; path = UserModel.swift; sourceTree = "<group>"; };
		2893144B229752A600F38A0A /* LeagueModel.swift */ = {isa = PBXFileReference; lastKnownFileType = sourcecode.swift; path = LeagueModel.swift; sourceTree = "<group>"; };
		2893144D229752AD00F38A0A /* BetModel.swift */ = {isa = PBXFileReference; lastKnownFileType = sourcecode.swift; path = BetModel.swift; sourceTree = "<group>"; };
		2893144F229752BC00F38A0A /* NewsModel.swift */ = {isa = PBXFileReference; lastKnownFileType = sourcecode.swift; path = NewsModel.swift; sourceTree = "<group>"; };
		28D2F6EC228397CC0008ECC0 /* happybets.app */ = {isa = PBXFileReference; explicitFileType = wrapper.application; includeInIndex = 0; path = happybets.app; sourceTree = BUILT_PRODUCTS_DIR; };
		28D2F6EF228397CC0008ECC0 /* AppDelegate.swift */ = {isa = PBXFileReference; lastKnownFileType = sourcecode.swift; path = AppDelegate.swift; sourceTree = "<group>"; };
		28D2F6F4228397CC0008ECC0 /* Base */ = {isa = PBXFileReference; lastKnownFileType = file.storyboard; name = Base; path = Base.lproj/Main.storyboard; sourceTree = "<group>"; };
		28D2F6F6228397CD0008ECC0 /* Assets.xcassets */ = {isa = PBXFileReference; lastKnownFileType = folder.assetcatalog; path = Assets.xcassets; sourceTree = "<group>"; };
		28D2F6F9228397CD0008ECC0 /* Base */ = {isa = PBXFileReference; lastKnownFileType = file.storyboard; name = Base; path = Base.lproj/LaunchScreen.storyboard; sourceTree = "<group>"; };
		28D2F6FB228397CD0008ECC0 /* Info.plist */ = {isa = PBXFileReference; lastKnownFileType = text.plist.xml; path = Info.plist; sourceTree = "<group>"; };
		28E79EA222850B1F00987D8E /* LoginViewController.swift */ = {isa = PBXFileReference; lastKnownFileType = sourcecode.swift; path = LoginViewController.swift; sourceTree = "<group>"; };
		2B187E863B1883313AE1C2F1 /* Pods-happytests.debug.xcconfig */ = {isa = PBXFileReference; includeInIndex = 1; lastKnownFileType = text.xcconfig; name = "Pods-happytests.debug.xcconfig"; path = "Pods/Target Support Files/Pods-happytests/Pods-happytests.debug.xcconfig"; sourceTree = "<group>"; };
		477FF96522A756610014D542 /* LeagueDetailViewController.swift */ = {isa = PBXFileReference; lastKnownFileType = sourcecode.swift; path = LeagueDetailViewController.swift; sourceTree = "<group>"; };
		47944FEF228E4C79004BD0DE /* AuthenticatorModel.swift */ = {isa = PBXFileReference; lastKnownFileType = sourcecode.swift; path = AuthenticatorModel.swift; sourceTree = "<group>"; };
		47D328F922AC4B7B00D20335 /* PlayerCell.swift */ = {isa = PBXFileReference; lastKnownFileType = sourcecode.swift; path = PlayerCell.swift; sourceTree = "<group>"; };
		47D328FD22ADABAF00D20335 /* BetCell.swift */ = {isa = PBXFileReference; lastKnownFileType = sourcecode.swift; path = BetCell.swift; sourceTree = "<group>"; };
		6227BA5225B16C85768728EC /* Pods-happytests.release.xcconfig */ = {isa = PBXFileReference; includeInIndex = 1; lastKnownFileType = text.xcconfig; name = "Pods-happytests.release.xcconfig"; path = "Pods/Target Support Files/Pods-happytests/Pods-happytests.release.xcconfig"; sourceTree = "<group>"; };
		6F0E58CB884C003CDDF5BEDD /* Pods_happytests.framework */ = {isa = PBXFileReference; explicitFileType = wrapper.framework; includeInIndex = 0; path = Pods_happytests.framework; sourceTree = BUILT_PRODUCTS_DIR; };
		7080B5AE22ACE0C800F61B21 /* ArticleList.swift */ = {isa = PBXFileReference; lastKnownFileType = sourcecode.swift; path = ArticleList.swift; sourceTree = "<group>"; };
		7080B5B022ACE17700F61B21 /* Article.swift */ = {isa = PBXFileReference; lastKnownFileType = sourcecode.swift; path = Article.swift; sourceTree = "<group>"; };
		708F449E22ADE3A900654128 /* articleViewCell.swift */ = {isa = PBXFileReference; lastKnownFileType = sourcecode.swift; path = articleViewCell.swift; sourceTree = "<group>"; };
		70A41F1122ACA60B00B5775F /* NewsViewController.swift */ = {isa = PBXFileReference; lastKnownFileType = sourcecode.swift; path = NewsViewController.swift; sourceTree = "<group>"; };
		793A7D7F22A64343000EF12D /* LeagueCell.swift */ = {isa = PBXFileReference; lastKnownFileType = sourcecode.swift; path = LeagueCell.swift; sourceTree = "<group>"; };
		793A7D8122A64545000EF12D /* CreateLeagueViewController.swift */ = {isa = PBXFileReference; lastKnownFileType = sourcecode.swift; path = CreateLeagueViewController.swift; sourceTree = "<group>"; };
		79C36B1422ADEA2D00544390 /* LeagueJoinViewController.swift */ = {isa = PBXFileReference; lastKnownFileType = sourcecode.swift; path = LeagueJoinViewController.swift; sourceTree = "<group>"; };
		79DA977F22AC8485005164AB /* IconCollectionViewCell.swift */ = {isa = PBXFileReference; lastKnownFileType = sourcecode.swift; path = IconCollectionViewCell.swift; sourceTree = "<group>"; };
		8988F4F32B5045740538CE39 /* Pods_happybets.framework */ = {isa = PBXFileReference; explicitFileType = wrapper.framework; includeInIndex = 0; path = Pods_happybets.framework; sourceTree = BUILT_PRODUCTS_DIR; };
		CABDC62959E7CD77216840AE /* Pods-happybets.debug.xcconfig */ = {isa = PBXFileReference; includeInIndex = 1; lastKnownFileType = text.xcconfig; name = "Pods-happybets.debug.xcconfig"; path = "Pods/Target Support Files/Pods-happybets/Pods-happybets.debug.xcconfig"; sourceTree = "<group>"; };
/* End PBXFileReference section */

/* Begin PBXFrameworksBuildPhase section */
		28081C35228E9B0500F4F22A /* Frameworks */ = {
			isa = PBXFrameworksBuildPhase;
			buildActionMask = 2147483647;
			files = (
				6158A94A9104761A1F7598D7 /* Pods_happytests.framework in Frameworks */,
			);
			runOnlyForDeploymentPostprocessing = 0;
		};
		28D2F6E9228397CC0008ECC0 /* Frameworks */ = {
			isa = PBXFrameworksBuildPhase;
			buildActionMask = 2147483647;
			files = (
				EFAED7F24A0C5107D8D378E9 /* Pods_happybets.framework in Frameworks */,
			);
			runOnlyForDeploymentPostprocessing = 0;
		};
/* End PBXFrameworksBuildPhase section */

/* Begin PBXGroup section */
		2213CE8DA76F39A258264C10 /* Frameworks */ = {
			isa = PBXGroup;
			children = (
				8988F4F32B5045740538CE39 /* Pods_happybets.framework */,
				6F0E58CB884C003CDDF5BEDD /* Pods_happytests.framework */,
			);
			name = Frameworks;
			sourceTree = "<group>";
		};
		28014A86229A722100AED085 /* ViewController */ = {
			isa = PBXGroup;
			children = (
				28481EF22297397300C88B44 /* SignUpViewController.swift */,
				70A41F1122ACA60B00B5775F /* NewsViewController.swift */,
				28E79EA222850B1F00987D8E /* LoginViewController.swift */,
				288C70E722ADD46500D0F390 /* ChooseGameTableViewController.swift */,
				28014A87229A747400AED085 /* LeagueViewController.swift */,
				79C36B1422ADEA2D00544390 /* LeagueJoinViewController.swift */,
				793A7D8122A64545000EF12D /* CreateLeagueViewController.swift */,
				28014A89229A752F00AED085 /* ProfileViewController.swift */,
				28014A8D229A762A00AED085 /* SuperTabViewController.swift */,
				477FF96522A756610014D542 /* LeagueDetailViewController.swift */,
				288C70E922ADD4D500D0F390 /* PlaceBetViewController.swift */,
			);
			path = ViewController;
			sourceTree = "<group>";
		};
		28081C39228E9B0600F4F22A /* happytests */ = {
			isa = PBXGroup;
			children = (
				28081C3A228E9B0600F4F22A /* happytests.swift */,
			);
			path = happytests;
			sourceTree = "<group>";
		};
		289314482297526500F38A0A /* Model */ = {
			isa = PBXGroup;
			children = (
				47944FEF228E4C79004BD0DE /* AuthenticatorModel.swift */,
				289314492297529800F38A0A /* UserModel.swift */,
				2893144B229752A600F38A0A /* LeagueModel.swift */,
				7080B5AE22ACE0C800F61B21 /* ArticleList.swift */,
				7080B5B022ACE17700F61B21 /* Article.swift */,
				2893144D229752AD00F38A0A /* BetModel.swift */,
				2893144F229752BC00F38A0A /* NewsModel.swift */,
				288C70EB22ADD50700D0F390 /* GameModel.swift */,
			);
			path = Model;
			sourceTree = "<group>";
		};
		28D2F6E3228397CC0008ECC0 = {
			isa = PBXGroup;
			children = (
				28D2F6EE228397CC0008ECC0 /* happybets */,
				28081C39228E9B0600F4F22A /* happytests */,
				28D2F6ED228397CC0008ECC0 /* Products */,
				672FDB502466AE03F077B679 /* Pods */,
				2213CE8DA76F39A258264C10 /* Frameworks */,
			);
			sourceTree = "<group>";
		};
		28D2F6ED228397CC0008ECC0 /* Products */ = {
			isa = PBXGroup;
			children = (
				28D2F6EC228397CC0008ECC0 /* happybets.app */,
				28081C38228E9B0500F4F22A /* happytests.xctest */,
			);
			name = Products;
			sourceTree = "<group>";
		};
		28D2F6EE228397CC0008ECC0 /* happybets */ = {
			isa = PBXGroup;
			children = (
				793A7D7E22A64312000EF12D /* Custom Cells */,
				28014A86229A722100AED085 /* ViewController */,
				289314482297526500F38A0A /* Model */,
				28D2F6EF228397CC0008ECC0 /* AppDelegate.swift */,
				28D2F6F3228397CC0008ECC0 /* Main.storyboard */,
				28D2F6F6228397CD0008ECC0 /* Assets.xcassets */,
				28D2F6F8228397CD0008ECC0 /* LaunchScreen.storyboard */,
				28D2F6FB228397CD0008ECC0 /* Info.plist */,
				28014A92229A86F600AED085 /* GoogleService-Info.plist */,
			);
			path = happybets;
			sourceTree = "<group>";
		};
		672FDB502466AE03F077B679 /* Pods */ = {
			isa = PBXGroup;
			children = (
				CABDC62959E7CD77216840AE /* Pods-happybets.debug.xcconfig */,
				22B93BB7FBC59BB24116D67B /* Pods-happybets.release.xcconfig */,
				2B187E863B1883313AE1C2F1 /* Pods-happytests.debug.xcconfig */,
				6227BA5225B16C85768728EC /* Pods-happytests.release.xcconfig */,
			);
			name = Pods;
			sourceTree = "<group>";
		};
		793A7D7E22A64312000EF12D /* Custom Cells */ = {
			isa = PBXGroup;
			children = (
				793A7D7F22A64343000EF12D /* LeagueCell.swift */,
				47D328F922AC4B7B00D20335 /* PlayerCell.swift */,
				708F449E22ADE3A900654128 /* articleViewCell.swift */,
				79DA977F22AC8485005164AB /* IconCollectionViewCell.swift */,
				47D328FD22ADABAF00D20335 /* BetCell.swift */,
				288C70ED22ADD7A600D0F390 /* GameTableViewCell.swift */,
			);
			path = "Custom Cells";
			sourceTree = "<group>";
		};
/* End PBXGroup section */

/* Begin PBXNativeTarget section */
		28081C37228E9B0500F4F22A /* happytests */ = {
			isa = PBXNativeTarget;
			buildConfigurationList = 28081C3F228E9B0600F4F22A /* Build configuration list for PBXNativeTarget "happytests" */;
			buildPhases = (
				A67E3A151F385B01082E3B9E /* [CP] Check Pods Manifest.lock */,
				28081C34228E9B0500F4F22A /* Sources */,
				28081C35228E9B0500F4F22A /* Frameworks */,
				28081C36228E9B0500F4F22A /* Resources */,
				2FA72982FAA645E9FC4A4359 /* [CP] Embed Pods Frameworks */,
			);
			buildRules = (
			);
			dependencies = (
				28081C3E228E9B0600F4F22A /* PBXTargetDependency */,
			);
			name = happytests;
			productName = happytests;
			productReference = 28081C38228E9B0500F4F22A /* happytests.xctest */;
			productType = "com.apple.product-type.bundle.unit-test";
		};
		28D2F6EB228397CC0008ECC0 /* happybets */ = {
			isa = PBXNativeTarget;
			buildConfigurationList = 28D2F6FE228397CD0008ECC0 /* Build configuration list for PBXNativeTarget "happybets" */;
			buildPhases = (
				DE432F2ED90E7E1937ACB79D /* [CP] Check Pods Manifest.lock */,
				28D2F6E8228397CC0008ECC0 /* Sources */,
				28D2F6E9228397CC0008ECC0 /* Frameworks */,
				28D2F6EA228397CC0008ECC0 /* Resources */,
				0E3E50B55F3C70C34048A476 /* [CP] Embed Pods Frameworks */,
			);
			buildRules = (
			);
			dependencies = (
			);
			name = happybets;
			productName = happybets;
			productReference = 28D2F6EC228397CC0008ECC0 /* happybets.app */;
			productType = "com.apple.product-type.application";
		};
/* End PBXNativeTarget section */

/* Begin PBXProject section */
		28D2F6E4228397CC0008ECC0 /* Project object */ = {
			isa = PBXProject;
			attributes = {
				LastSwiftUpdateCheck = 1020;
				LastUpgradeCheck = 1020;
				ORGANIZATIONNAME = "Happy Bets LLC";
				TargetAttributes = {
					28081C37228E9B0500F4F22A = {
						CreatedOnToolsVersion = 10.2.1;
						TestTargetID = 28D2F6EB228397CC0008ECC0;
					};
					28D2F6EB228397CC0008ECC0 = {
						CreatedOnToolsVersion = 10.2.1;
					};
				};
			};
			buildConfigurationList = 28D2F6E7228397CC0008ECC0 /* Build configuration list for PBXProject "happybets" */;
			compatibilityVersion = "Xcode 9.3";
			developmentRegion = en;
			hasScannedForEncodings = 0;
			knownRegions = (
				en,
				Base,
			);
			mainGroup = 28D2F6E3228397CC0008ECC0;
			productRefGroup = 28D2F6ED228397CC0008ECC0 /* Products */;
			projectDirPath = "";
			projectRoot = "";
			targets = (
				28D2F6EB228397CC0008ECC0 /* happybets */,
				28081C37228E9B0500F4F22A /* happytests */,
			);
		};
/* End PBXProject section */

/* Begin PBXResourcesBuildPhase section */
		28081C36228E9B0500F4F22A /* Resources */ = {
			isa = PBXResourcesBuildPhase;
			buildActionMask = 2147483647;
			files = (
			);
			runOnlyForDeploymentPostprocessing = 0;
		};
		28D2F6EA228397CC0008ECC0 /* Resources */ = {
			isa = PBXResourcesBuildPhase;
			buildActionMask = 2147483647;
			files = (
				28D2F6FA228397CD0008ECC0 /* LaunchScreen.storyboard in Resources */,
				28014A93229A86F600AED085 /* GoogleService-Info.plist in Resources */,
				28D2F6F7228397CD0008ECC0 /* Assets.xcassets in Resources */,
				28D2F6F5228397CC0008ECC0 /* Main.storyboard in Resources */,
			);
			runOnlyForDeploymentPostprocessing = 0;
		};
/* End PBXResourcesBuildPhase section */

/* Begin PBXShellScriptBuildPhase section */
		0E3E50B55F3C70C34048A476 /* [CP] Embed Pods Frameworks */ = {
			isa = PBXShellScriptBuildPhase;
			buildActionMask = 2147483647;
			files = (
			);
			inputPaths = (
				"${SRCROOT}/Pods/Target Support Files/Pods-happybets/Pods-happybets-frameworks.sh",
				"${BUILT_PRODUCTS_DIR}/GTMSessionFetcher/GTMSessionFetcher.framework",
				"${BUILT_PRODUCTS_DIR}/GoogleUtilities/GoogleUtilities.framework",
				"${BUILT_PRODUCTS_DIR}/leveldb-library/leveldb.framework",
				"${BUILT_PRODUCTS_DIR}/nanopb/nanopb.framework",
			);
			name = "[CP] Embed Pods Frameworks";
			outputPaths = (
				"${TARGET_BUILD_DIR}/${FRAMEWORKS_FOLDER_PATH}/GTMSessionFetcher.framework",
				"${TARGET_BUILD_DIR}/${FRAMEWORKS_FOLDER_PATH}/GoogleUtilities.framework",
				"${TARGET_BUILD_DIR}/${FRAMEWORKS_FOLDER_PATH}/leveldb.framework",
				"${TARGET_BUILD_DIR}/${FRAMEWORKS_FOLDER_PATH}/nanopb.framework",
			);
			runOnlyForDeploymentPostprocessing = 0;
			shellPath = /bin/sh;
			shellScript = "\"${SRCROOT}/Pods/Target Support Files/Pods-happybets/Pods-happybets-frameworks.sh\"\n";
			showEnvVarsInLog = 0;
		};
		2FA72982FAA645E9FC4A4359 /* [CP] Embed Pods Frameworks */ = {
			isa = PBXShellScriptBuildPhase;
			buildActionMask = 2147483647;
			files = (
			);
			inputPaths = (
				"${SRCROOT}/Pods/Target Support Files/Pods-happytests/Pods-happytests-frameworks.sh",
				"${BUILT_PRODUCTS_DIR}/GoogleUtilities/GoogleUtilities.framework",
				"${BUILT_PRODUCTS_DIR}/nanopb/nanopb.framework",
			);
			name = "[CP] Embed Pods Frameworks";
			outputPaths = (
				"${TARGET_BUILD_DIR}/${FRAMEWORKS_FOLDER_PATH}/GoogleUtilities.framework",
				"${TARGET_BUILD_DIR}/${FRAMEWORKS_FOLDER_PATH}/nanopb.framework",
			);
			runOnlyForDeploymentPostprocessing = 0;
			shellPath = /bin/sh;
			shellScript = "\"${SRCROOT}/Pods/Target Support Files/Pods-happytests/Pods-happytests-frameworks.sh\"\n";
			showEnvVarsInLog = 0;
		};
		A67E3A151F385B01082E3B9E /* [CP] Check Pods Manifest.lock */ = {
			isa = PBXShellScriptBuildPhase;
			buildActionMask = 2147483647;
			files = (
			);
			inputPaths = (
				"${PODS_PODFILE_DIR_PATH}/Podfile.lock",
				"${PODS_ROOT}/Manifest.lock",
			);
			name = "[CP] Check Pods Manifest.lock";
			outputPaths = (
				"$(DERIVED_FILE_DIR)/Pods-happytests-checkManifestLockResult.txt",
			);
			runOnlyForDeploymentPostprocessing = 0;
			shellPath = /bin/sh;
			shellScript = "diff \"${PODS_PODFILE_DIR_PATH}/Podfile.lock\" \"${PODS_ROOT}/Manifest.lock\" > /dev/null\nif [ $? != 0 ] ; then\n    # print error to STDERR\n    echo \"error: The sandbox is not in sync with the Podfile.lock. Run 'pod install' or update your CocoaPods installation.\" >&2\n    exit 1\nfi\n# This output is used by Xcode 'outputs' to avoid re-running this script phase.\necho \"SUCCESS\" > \"${SCRIPT_OUTPUT_FILE_0}\"\n";
			showEnvVarsInLog = 0;
		};
		DE432F2ED90E7E1937ACB79D /* [CP] Check Pods Manifest.lock */ = {
			isa = PBXShellScriptBuildPhase;
			buildActionMask = 2147483647;
			files = (
			);
			inputPaths = (
				"${PODS_PODFILE_DIR_PATH}/Podfile.lock",
				"${PODS_ROOT}/Manifest.lock",
			);
			name = "[CP] Check Pods Manifest.lock";
			outputPaths = (
				"$(DERIVED_FILE_DIR)/Pods-happybets-checkManifestLockResult.txt",
			);
			runOnlyForDeploymentPostprocessing = 0;
			shellPath = /bin/sh;
			shellScript = "diff \"${PODS_PODFILE_DIR_PATH}/Podfile.lock\" \"${PODS_ROOT}/Manifest.lock\" > /dev/null\nif [ $? != 0 ] ; then\n    # print error to STDERR\n    echo \"error: The sandbox is not in sync with the Podfile.lock. Run 'pod install' or update your CocoaPods installation.\" >&2\n    exit 1\nfi\n# This output is used by Xcode 'outputs' to avoid re-running this script phase.\necho \"SUCCESS\" > \"${SCRIPT_OUTPUT_FILE_0}\"\n";
			showEnvVarsInLog = 0;
		};
/* End PBXShellScriptBuildPhase section */

/* Begin PBXSourcesBuildPhase section */
		28081C34228E9B0500F4F22A /* Sources */ = {
			isa = PBXSourcesBuildPhase;
			buildActionMask = 2147483647;
			files = (
				E70E82A822AAE8F80013C28D /* LeagueModel.swift in Sources */,
				E70E82A722AAE4A10013C28D /* UserModel.swift in Sources */,
				28081C3B228E9B0600F4F22A /* happytests.swift in Sources */,
			);
			runOnlyForDeploymentPostprocessing = 0;
		};
		28D2F6E8228397CC0008ECC0 /* Sources */ = {
			isa = PBXSourcesBuildPhase;
			buildActionMask = 2147483647;
			files = (
				47D328FA22AC4B7B00D20335 /* PlayerCell.swift in Sources */,
				28931450229752BC00F38A0A /* NewsModel.swift in Sources */,
				2893144C229752A600F38A0A /* LeagueModel.swift in Sources */,
				28014A8A229A752F00AED085 /* ProfileViewController.swift in Sources */,
				70A41F1222ACA60B00B5775F /* NewsViewController.swift in Sources */,
				288C70E822ADD46500D0F390 /* ChooseGameTableViewController.swift in Sources */,
				288C70EA22ADD4D500D0F390 /* PlaceBetViewController.swift in Sources */,
				793A7D8222A64545000EF12D /* CreateLeagueViewController.swift in Sources */,
				28E79EA322850B1F00987D8E /* LoginViewController.swift in Sources */,
				288C70EC22ADD50700D0F390 /* GameModel.swift in Sources */,
				477FF96622A756610014D542 /* LeagueDetailViewController.swift in Sources */,
				79DA978022AC8485005164AB /* IconCollectionViewCell.swift in Sources */,
				28014A8E229A762A00AED085 /* SuperTabViewController.swift in Sources */,
				708F449F22ADE3A900654128 /* articleViewCell.swift in Sources */,
				47944FF0228E4C79004BD0DE /* AuthenticatorModel.swift in Sources */,
				79C36B1522ADEA2D00544390 /* LeagueJoinViewController.swift in Sources */,
				28014A88229A747400AED085 /* LeagueViewController.swift in Sources */,
				28481EF32297397300C88B44 /* SignUpViewController.swift in Sources */,
				2893144A2297529800F38A0A /* UserModel.swift in Sources */,
				7080B5AF22ACE0C800F61B21 /* ArticleList.swift in Sources */,
				47D328FE22ADABAF00D20335 /* BetCell.swift in Sources */,
				2893144E229752AD00F38A0A /* BetModel.swift in Sources */,
				7080B5B122ACE17700F61B21 /* Article.swift in Sources */,
				793A7D8022A64343000EF12D /* LeagueCell.swift in Sources */,
				28D2F6F0228397CC0008ECC0 /* AppDelegate.swift in Sources */,
				288C70EE22ADD7A600D0F390 /* GameTableViewCell.swift in Sources */,
			);
			runOnlyForDeploymentPostprocessing = 0;
		};
/* End PBXSourcesBuildPhase section */

/* Begin PBXTargetDependency section */
		28081C3E228E9B0600F4F22A /* PBXTargetDependency */ = {
			isa = PBXTargetDependency;
			target = 28D2F6EB228397CC0008ECC0 /* happybets */;
			targetProxy = 28081C3D228E9B0600F4F22A /* PBXContainerItemProxy */;
		};
/* End PBXTargetDependency section */

/* Begin PBXVariantGroup section */
		28D2F6F3228397CC0008ECC0 /* Main.storyboard */ = {
			isa = PBXVariantGroup;
			children = (
				28D2F6F4228397CC0008ECC0 /* Base */,
			);
			name = Main.storyboard;
			sourceTree = "<group>";
		};
		28D2F6F8228397CD0008ECC0 /* LaunchScreen.storyboard */ = {
			isa = PBXVariantGroup;
			children = (
				28D2F6F9228397CD0008ECC0 /* Base */,
			);
			name = LaunchScreen.storyboard;
			sourceTree = "<group>";
		};
/* End PBXVariantGroup section */

/* Begin XCBuildConfiguration section */
		28081C40228E9B0600F4F22A /* Debug */ = {
			isa = XCBuildConfiguration;
			baseConfigurationReference = 2B187E863B1883313AE1C2F1 /* Pods-happytests.debug.xcconfig */;
			buildSettings = {
				BUNDLE_LOADER = "$(TEST_HOST)";
				CODE_SIGN_STYLE = Automatic;
				DEVELOPMENT_TEAM = 5CJA4PC7S3;
				INFOPLIST_FILE = happytests/Info.plist;
				LD_RUNPATH_SEARCH_PATHS = (
					"$(inherited)",
					"@executable_path/Frameworks",
					"@loader_path/Frameworks",
				);
				PRODUCT_BUNDLE_IDENTIFIER = com.happytests;
				PRODUCT_NAME = "$(TARGET_NAME)";
				SWIFT_VERSION = 5.0;
				TARGETED_DEVICE_FAMILY = "1,2";
				TEST_HOST = "$(BUILT_PRODUCTS_DIR)/happybets.app/happybets";
			};
			name = Debug;
		};
		28081C41228E9B0600F4F22A /* Release */ = {
			isa = XCBuildConfiguration;
			baseConfigurationReference = 6227BA5225B16C85768728EC /* Pods-happytests.release.xcconfig */;
			buildSettings = {
				BUNDLE_LOADER = "$(TEST_HOST)";
				CODE_SIGN_STYLE = Automatic;
				DEVELOPMENT_TEAM = 5CJA4PC7S3;
				INFOPLIST_FILE = happytests/Info.plist;
				LD_RUNPATH_SEARCH_PATHS = (
					"$(inherited)",
					"@executable_path/Frameworks",
					"@loader_path/Frameworks",
				);
				PRODUCT_BUNDLE_IDENTIFIER = com.happytests;
				PRODUCT_NAME = "$(TARGET_NAME)";
				SWIFT_VERSION = 5.0;
				TARGETED_DEVICE_FAMILY = "1,2";
				TEST_HOST = "$(BUILT_PRODUCTS_DIR)/happybets.app/happybets";
			};
			name = Release;
		};
		28D2F6FC228397CD0008ECC0 /* Debug */ = {
			isa = XCBuildConfiguration;
			buildSettings = {
				ALWAYS_SEARCH_USER_PATHS = NO;
				CLANG_ANALYZER_NONNULL = YES;
				CLANG_ANALYZER_NUMBER_OBJECT_CONVERSION = YES_AGGRESSIVE;
				CLANG_CXX_LANGUAGE_STANDARD = "gnu++14";
				CLANG_CXX_LIBRARY = "libc++";
				CLANG_ENABLE_MODULES = YES;
				CLANG_ENABLE_OBJC_ARC = YES;
				CLANG_ENABLE_OBJC_WEAK = YES;
				CLANG_WARN_BLOCK_CAPTURE_AUTORELEASING = YES;
				CLANG_WARN_BOOL_CONVERSION = YES;
				CLANG_WARN_COMMA = YES;
				CLANG_WARN_CONSTANT_CONVERSION = YES;
				CLANG_WARN_DEPRECATED_OBJC_IMPLEMENTATIONS = YES;
				CLANG_WARN_DIRECT_OBJC_ISA_USAGE = YES_ERROR;
				CLANG_WARN_DOCUMENTATION_COMMENTS = YES;
				CLANG_WARN_EMPTY_BODY = YES;
				CLANG_WARN_ENUM_CONVERSION = YES;
				CLANG_WARN_INFINITE_RECURSION = YES;
				CLANG_WARN_INT_CONVERSION = YES;
				CLANG_WARN_NON_LITERAL_NULL_CONVERSION = YES;
				CLANG_WARN_OBJC_IMPLICIT_RETAIN_SELF = YES;
				CLANG_WARN_OBJC_LITERAL_CONVERSION = YES;
				CLANG_WARN_OBJC_ROOT_CLASS = YES_ERROR;
				CLANG_WARN_RANGE_LOOP_ANALYSIS = YES;
				CLANG_WARN_STRICT_PROTOTYPES = YES;
				CLANG_WARN_SUSPICIOUS_MOVE = YES;
				CLANG_WARN_UNGUARDED_AVAILABILITY = YES_AGGRESSIVE;
				CLANG_WARN_UNREACHABLE_CODE = YES;
				CLANG_WARN__DUPLICATE_METHOD_MATCH = YES;
				CODE_SIGN_IDENTITY = "iPhone Developer";
				COPY_PHASE_STRIP = NO;
				DEBUG_INFORMATION_FORMAT = dwarf;
				ENABLE_STRICT_OBJC_MSGSEND = YES;
				ENABLE_TESTABILITY = YES;
				GCC_C_LANGUAGE_STANDARD = gnu11;
				GCC_DYNAMIC_NO_PIC = NO;
				GCC_NO_COMMON_BLOCKS = YES;
				GCC_OPTIMIZATION_LEVEL = 0;
				GCC_PREPROCESSOR_DEFINITIONS = (
					"DEBUG=1",
					"$(inherited)",
				);
				GCC_WARN_64_TO_32_BIT_CONVERSION = YES;
				GCC_WARN_ABOUT_RETURN_TYPE = YES_ERROR;
				GCC_WARN_UNDECLARED_SELECTOR = YES;
				GCC_WARN_UNINITIALIZED_AUTOS = YES_AGGRESSIVE;
				GCC_WARN_UNUSED_FUNCTION = YES;
				GCC_WARN_UNUSED_VARIABLE = YES;
				IPHONEOS_DEPLOYMENT_TARGET = 12.2;
				MTL_ENABLE_DEBUG_INFO = INCLUDE_SOURCE;
				MTL_FAST_MATH = YES;
				ONLY_ACTIVE_ARCH = YES;
				SDKROOT = iphoneos;
				SWIFT_ACTIVE_COMPILATION_CONDITIONS = DEBUG;
				SWIFT_OPTIMIZATION_LEVEL = "-Onone";
			};
			name = Debug;
		};
		28D2F6FD228397CD0008ECC0 /* Release */ = {
			isa = XCBuildConfiguration;
			buildSettings = {
				ALWAYS_SEARCH_USER_PATHS = NO;
				CLANG_ANALYZER_NONNULL = YES;
				CLANG_ANALYZER_NUMBER_OBJECT_CONVERSION = YES_AGGRESSIVE;
				CLANG_CXX_LANGUAGE_STANDARD = "gnu++14";
				CLANG_CXX_LIBRARY = "libc++";
				CLANG_ENABLE_MODULES = YES;
				CLANG_ENABLE_OBJC_ARC = YES;
				CLANG_ENABLE_OBJC_WEAK = YES;
				CLANG_WARN_BLOCK_CAPTURE_AUTORELEASING = YES;
				CLANG_WARN_BOOL_CONVERSION = YES;
				CLANG_WARN_COMMA = YES;
				CLANG_WARN_CONSTANT_CONVERSION = YES;
				CLANG_WARN_DEPRECATED_OBJC_IMPLEMENTATIONS = YES;
				CLANG_WARN_DIRECT_OBJC_ISA_USAGE = YES_ERROR;
				CLANG_WARN_DOCUMENTATION_COMMENTS = YES;
				CLANG_WARN_EMPTY_BODY = YES;
				CLANG_WARN_ENUM_CONVERSION = YES;
				CLANG_WARN_INFINITE_RECURSION = YES;
				CLANG_WARN_INT_CONVERSION = YES;
				CLANG_WARN_NON_LITERAL_NULL_CONVERSION = YES;
				CLANG_WARN_OBJC_IMPLICIT_RETAIN_SELF = YES;
				CLANG_WARN_OBJC_LITERAL_CONVERSION = YES;
				CLANG_WARN_OBJC_ROOT_CLASS = YES_ERROR;
				CLANG_WARN_RANGE_LOOP_ANALYSIS = YES;
				CLANG_WARN_STRICT_PROTOTYPES = YES;
				CLANG_WARN_SUSPICIOUS_MOVE = YES;
				CLANG_WARN_UNGUARDED_AVAILABILITY = YES_AGGRESSIVE;
				CLANG_WARN_UNREACHABLE_CODE = YES;
				CLANG_WARN__DUPLICATE_METHOD_MATCH = YES;
				CODE_SIGN_IDENTITY = "iPhone Developer";
				COPY_PHASE_STRIP = NO;
				DEBUG_INFORMATION_FORMAT = "dwarf-with-dsym";
				ENABLE_NS_ASSERTIONS = NO;
				ENABLE_STRICT_OBJC_MSGSEND = YES;
				GCC_C_LANGUAGE_STANDARD = gnu11;
				GCC_NO_COMMON_BLOCKS = YES;
				GCC_WARN_64_TO_32_BIT_CONVERSION = YES;
				GCC_WARN_ABOUT_RETURN_TYPE = YES_ERROR;
				GCC_WARN_UNDECLARED_SELECTOR = YES;
				GCC_WARN_UNINITIALIZED_AUTOS = YES_AGGRESSIVE;
				GCC_WARN_UNUSED_FUNCTION = YES;
				GCC_WARN_UNUSED_VARIABLE = YES;
				IPHONEOS_DEPLOYMENT_TARGET = 12.2;
				MTL_ENABLE_DEBUG_INFO = NO;
				MTL_FAST_MATH = YES;
				SDKROOT = iphoneos;
				SWIFT_COMPILATION_MODE = wholemodule;
				SWIFT_OPTIMIZATION_LEVEL = "-O";
				VALIDATE_PRODUCT = YES;
			};
			name = Release;
		};
		28D2F6FF228397CD0008ECC0 /* Debug */ = {
			isa = XCBuildConfiguration;
			baseConfigurationReference = CABDC62959E7CD77216840AE /* Pods-happybets.debug.xcconfig */;
			buildSettings = {
				ASSETCATALOG_COMPILER_APPICON_NAME = AppIcon;
				CODE_SIGN_STYLE = Automatic;
				DEVELOPMENT_TEAM = 5CJA4PC7S3;
				INFOPLIST_FILE = happybets/Info.plist;
				IPHONEOS_DEPLOYMENT_TARGET = 12.2;
				LD_RUNPATH_SEARCH_PATHS = (
					"$(inherited)",
					"@executable_path/Frameworks",
				);
				PRODUCT_BUNDLE_IDENTIFIER = com.happybets;
				PRODUCT_NAME = "$(TARGET_NAME)";
				SWIFT_VERSION = 5.0;
				TARGETED_DEVICE_FAMILY = "1,2";
			};
			name = Debug;
		};
		28D2F700228397CD0008ECC0 /* Release */ = {
			isa = XCBuildConfiguration;
			baseConfigurationReference = 22B93BB7FBC59BB24116D67B /* Pods-happybets.release.xcconfig */;
			buildSettings = {
				ASSETCATALOG_COMPILER_APPICON_NAME = AppIcon;
				CODE_SIGN_STYLE = Automatic;
				DEVELOPMENT_TEAM = 5CJA4PC7S3;
				INFOPLIST_FILE = happybets/Info.plist;
				IPHONEOS_DEPLOYMENT_TARGET = 12.2;
				LD_RUNPATH_SEARCH_PATHS = (
					"$(inherited)",
					"@executable_path/Frameworks",
				);
				PRODUCT_BUNDLE_IDENTIFIER = com.happybets;
				PRODUCT_NAME = "$(TARGET_NAME)";
				SWIFT_VERSION = 5.0;
				TARGETED_DEVICE_FAMILY = "1,2";
			};
			name = Release;
		};
/* End XCBuildConfiguration section */

/* Begin XCConfigurationList section */
		28081C3F228E9B0600F4F22A /* Build configuration list for PBXNativeTarget "happytests" */ = {
			isa = XCConfigurationList;
			buildConfigurations = (
				28081C40228E9B0600F4F22A /* Debug */,
				28081C41228E9B0600F4F22A /* Release */,
			);
			defaultConfigurationIsVisible = 0;
			defaultConfigurationName = Release;
		};
		28D2F6E7228397CC0008ECC0 /* Build configuration list for PBXProject "happybets" */ = {
			isa = XCConfigurationList;
			buildConfigurations = (
				28D2F6FC228397CD0008ECC0 /* Debug */,
				28D2F6FD228397CD0008ECC0 /* Release */,
			);
			defaultConfigurationIsVisible = 0;
			defaultConfigurationName = Release;
		};
		28D2F6FE228397CD0008ECC0 /* Build configuration list for PBXNativeTarget "happybets" */ = {
			isa = XCConfigurationList;
			buildConfigurations = (
				28D2F6FF228397CD0008ECC0 /* Debug */,
				28D2F700228397CD0008ECC0 /* Release */,
			);
			defaultConfigurationIsVisible = 0;
			defaultConfigurationName = Release;
		};
/* End XCConfigurationList section */
	};
	rootObject = 28D2F6E4228397CC0008ECC0 /* Project object */;
}
